
Microsoft Visual Studio Solution File, Format Version 12.00
# Visual Studio Version 17
VisualStudioVersion = 17.10.34928.147
MinimumVisualStudioVersion = 10.0.40219.1
Project("{FAE04EC0-301F-11D3-BF4B-00C04F79EFBC}") = "Qinshift.NotesAppAndTags", "Qinshift.NotesAppAndTags\Qinshift.NotesAppAndTags.csproj", "{2C30AB11-D5DA-4505-831D-72D19A210759}"
EndProject
Global
	GlobalSection(SolutionConfigurationPlatforms) = preSolution
		Debug|Any CPU = Debug|Any CPU
		Release|Any CPU = Release|Any CPU
	EndGlobalSection
	GlobalSection(ProjectConfigurationPlatforms) = postSolution
		{2C30AB11-D5DA-4505-831D-72D19A210759}.Debug|Any CPU.ActiveCfg = Debug|Any CPU
		{2C30AB11-D5DA-4505-831D-72D19A210759}.Debug|Any CPU.Build.0 = Debug|Any CPU
		{2C30AB11-D5DA-4505-831D-72D19A210759}.Release|Any CPU.ActiveCfg = Release|Any CPU
		{2C30AB11-D5DA-4505-831D-72D19A210759}.Release|Any CPU.Build.0 = Release|Any CPU
	EndGlobalSection
	GlobalSection(SolutionProperties) = preSolution
		HideSolutionNode = FALSE
	EndGlobalSection
	GlobalSection(ExtensibilityGlobals) = postSolution
		SolutionGuid = {B7741D03-A5C4-4095-B1CB-AD53F6715431}
	EndGlobalSection
EndGlobal
